PODS:
  - Audiobus (2.3.3)
  - AudioKit (3.7)

DEPENDENCIES:
  - Audiobus (~> 2.3.3)
  - AudioKit (~> 3.6)

SPEC CHECKSUMS:
  Audiobus: 850af0ab9da4dc53dd7222afe9aeba928379e5ad
  AudioKit: 73c43705575e483623bf3cf306f823a8677aebdd

PODFILE CHECKSUM: 83d3ecaf9a69abf535ac989ca2f65192986af677

COCOAPODS: 1.2.1
